
Microsoft Visual Studio Solution File, Format Version 12.00
# Visual Studio Version 16
VisualStudioVersion = 16.0.30114.105
MinimumVisualStudioVersion = 10.0.40219.1
Project("{FAE04EC0-301F-11D3-BF4B-00C04F79EFBC}") = "AssemblyOne", "AssemblyOne\AssemblyOne.csproj", "{6C780CD9-075C-4019-888E-D7D4C97AFA7C}"
EndProject
Project("{FAE04EC0-301F-11D3-BF4B-00C04F79EFBC}") = "AssamblyTwo", "AssamblyTwo\AssamblyTwo.csproj", "{F4BB779C-37A1-43DD-BD64-01F9C9F15EF2}"
EndProject
Global
	GlobalSection(SolutionConfigurationPlatforms) = preSolution
		Debug|Any CPU = Debug|Any CPU
		Release|Any CPU = Release|Any CPU
	EndGlobalSection
	GlobalSection(ProjectConfigurationPlatforms) = postSolution
		{6C780CD9-075C-4019-888E-D7D4C97AFA7C}.Debug|Any CPU.ActiveCfg = Debug|Any CPU
		{6C780CD9-075C-4019-888E-D7D4C97AFA7C}.Debug|Any CPU.Build.0 = Debug|Any CPU
		{6C780CD9-075C-4019-888E-D7D4C97AFA7C}.Release|Any CPU.ActiveCfg = Release|Any CPU
		{6C780CD9-075C-4019-888E-D7D4C97AFA7C}.Release|Any CPU.Build.0 = Release|Any CPU
		{F4BB779C-37A1-43DD-BD64-01F9C9F15EF2}.Debug|Any CPU.ActiveCfg = Debug|Any CPU
		{F4BB779C-37A1-43DD-BD64-01F9C9F15EF2}.Debug|Any CPU.Build.0 = Debug|Any CPU
		{F4BB779C-37A1-43DD-BD64-01F9C9F15EF2}.Release|Any CPU.ActiveCfg = Release|Any CPU
		{F4BB779C-37A1-43DD-BD64-01F9C9F15EF2}.Release|Any CPU.Build.0 = Release|Any CPU
	EndGlobalSection
	GlobalSection(SolutionProperties) = preSolution
		HideSolutionNode = FALSE
	EndGlobalSection
	GlobalSection(ExtensibilityGlobals) = postSolution
		SolutionGuid = {D1A305F7-4370-4C63-8373-CB34B1021B73}
	EndGlobalSection
EndGlobal
