
Microsoft Visual Studio Solution File, Format Version 12.00
# Visual Studio Version 16
VisualStudioVersion = 16.0.30114.105
MinimumVisualStudioVersion = 10.0.40219.1
Project("{9A19103F-16F7-4668-BE54-9A1E7A4F7556}") = "hm_06.Task01", "hm_06.Task01.csproj", "{FF2A869C-C607-47C1-90D8-100C8A7D0621}"
EndProject
Global
	GlobalSection(SolutionConfigurationPlatforms) = preSolution
		Debug|Any CPU = Debug|Any CPU
		Release|Any CPU = Release|Any CPU
	EndGlobalSection
	GlobalSection(ProjectConfigurationPlatforms) = postSolution
		{FF2A869C-C607-47C1-90D8-100C8A7D0621}.Debug|Any CPU.ActiveCfg = Debug|Any CPU
		{FF2A869C-C607-47C1-90D8-100C8A7D0621}.Debug|Any CPU.Build.0 = Debug|Any CPU
		{FF2A869C-C607-47C1-90D8-100C8A7D0621}.Release|Any CPU.ActiveCfg = Release|Any CPU
		{FF2A869C-C607-47C1-90D8-100C8A7D0621}.Release|Any CPU.Build.0 = Release|Any CPU
	EndGlobalSection
	GlobalSection(SolutionProperties) = preSolution
		HideSolutionNode = FALSE
	EndGlobalSection
	GlobalSection(ExtensibilityGlobals) = postSolution
		SolutionGuid = {DD3AF239-5B6B-4D86-8632-629A337831C3}
	EndGlobalSection
EndGlobal
